
Microsoft Visual Studio Solution File, Format Version 12.00
# Visual Studio 15
VisualStudioVersion = 15.0.26228.9
MinimumVisualStudioVersion = 10.0.40219.1
Project("{FAE04EC0-301F-11D3-BF4B-00C04F79EFBC}") = "A2D.Security.EncryptionDecryption.Demo", "A2D.Security.EncryptionDecryption.Demo\A2D.Security.EncryptionDecryption.Demo.csproj", "{B2A9A4E6-775D-4BDA-AE07-90096D80EC59}"
EndProject
Project("{FAE04EC0-301F-11D3-BF4B-00C04F79EFBC}") = "A2D.Security.EncryptionDecryption", "A2D.Security.EncryptionDecryption\A2D.Security.EncryptionDecryption.csproj", "{68D1D272-16B6-42CA-822F-A43E967B6515}"
EndProject
Global
	GlobalSection(SolutionConfigurationPlatforms) = preSolution
		Debug|Any CPU = Debug|Any CPU
		Release|Any CPU = Release|Any CPU
	EndGlobalSection
	GlobalSection(ProjectConfigurationPlatforms) = postSolution
		{B2A9A4E6-775D-4BDA-AE07-90096D80EC59}.Debug|Any CPU.ActiveCfg = Debug|Any CPU
		{B2A9A4E6-775D-4BDA-AE07-90096D80EC59}.Debug|Any CPU.Build.0 = Debug|Any CPU
		{B2A9A4E6-775D-4BDA-AE07-90096D80EC59}.Release|Any CPU.ActiveCfg = Release|Any CPU
		{B2A9A4E6-775D-4BDA-AE07-90096D80EC59}.Release|Any CPU.Build.0 = Release|Any CPU
		{68D1D272-16B6-42CA-822F-A43E967B6515}.Debug|Any CPU.ActiveCfg = Debug|Any CPU
		{68D1D272-16B6-42CA-822F-A43E967B6515}.Debug|Any CPU.Build.0 = Debug|Any CPU
		{68D1D272-16B6-42CA-822F-A43E967B6515}.Release|Any CPU.ActiveCfg = Release|Any CPU
		{68D1D272-16B6-42CA-822F-A43E967B6515}.Release|Any CPU.Build.0 = Release|Any CPU
	EndGlobalSection
	GlobalSection(SolutionProperties) = preSolution
		HideSolutionNode = FALSE
	EndGlobalSection
EndGlobal
